// !$*UTF8*$!
{
	archiveVersion = 1;
	classes = {
	};
	objectVersion = 52;
	objects = {

/* Begin PBXBuildFile section */
		36666B9407FE8625E9F7011C /* Pods_testXCframeworkTests.framework in Frameworks */ = {isa = PBXBuildFile; fileRef = 822467BC9A4B5763C506E1F2 /* Pods_testXCframeworkTests.framework */; };
		8CBF6D48601FA1133365CE91 /* Pods_testXCframework_testXCframeworkUITests.framework in Frameworks */ = {isa = PBXBuildFile; fileRef = B692F879EDF80ADE8A675A3B /* Pods_testXCframework_testXCframeworkUITests.framework */; };
		CAFD864725FF3088004D3737 /* AppDelegate.m in Sources */ = {isa = PBXBuildFile; fileRef = CAFD864625FF3088004D3737 /* AppDelegate.m */; };
		CAFD864A25FF3088004D3737 /* SceneDelegate.m in Sources */ = {isa = PBXBuildFile; fileRef = CAFD864925FF3088004D3737 /* SceneDelegate.m */; };
		CAFD864D25FF3088004D3737 /* ViewController.m in Sources */ = {isa = PBXBuildFile; fileRef = CAFD864C25FF3088004D3737 /* ViewController.m */; };
		CAFD865025FF3088004D3737 /* Main.storyboard in Resources */ = {isa = PBXBuildFile; fileRef = CAFD864E25FF3088004D3737 /* Main.storyboard */; };
		CAFD865225FF3089004D3737 /* Assets.xcassets in Resources */ = {isa = PBXBuildFile; fileRef = CAFD865125FF3089004D3737 /* Assets.xcassets */; };
		CAFD865525FF3089004D3737 /* LaunchScreen.storyboard in Resources */ = {isa = PBXBuildFile; fileRef = CAFD865325FF3089004D3737 /* LaunchScreen.storyboard */; };
		CAFD865825FF3089004D3737 /* main.m in Sources */ = {isa = PBXBuildFile; fileRef = CAFD865725FF3089004D3737 /* main.m */; };
		CAFD866225FF308A004D3737 /* testXCframeworkTests.m in Sources */ = {isa = PBXBuildFile; fileRef = CAFD866125FF308A004D3737 /* testXCframeworkTests.m */; };
		CAFD866D25FF308A004D3737 /* testXCframeworkUITests.m in Sources */ = {isa = PBXBuildFile; fileRef = CAFD866C25FF308A004D3737 /* testXCframeworkUITests.m */; };
		CAFD867C25FF30D8004D3737 /* Flurry.xcframework in Frameworks */ = {isa = PBXBuildFile; fileRef = CAFD867B25FF30D8004D3737 /* Flurry.xcframework */; };
		CAFD868125FF31C6004D3737 /* SystemConfiguration.framework in Frameworks */ = {isa = PBXBuildFile; fileRef = CAFD868025FF31C6004D3737 /* SystemConfiguration.framework */; };
		F0F96A0A8AF2BE0277C65B8D /* Pods_testXCframework.framework in Frameworks */ = {isa = PBXBuildFile; fileRef = E7DD9662DA7AAC5E900AF47F /* Pods_testXCframework.framework */; };
/* End PBXBuildFile section */

/* Begin PBXContainerItemProxy section */
		CAFD865E25FF308A004D3737 /* PBXContainerItemProxy */ = {
			isa = PBXContainerItemProxy;
			containerPortal = CAFD863A25FF3088004D3737 /* Project object */;
			proxyType = 1;
			remoteGlobalIDString = CAFD864125FF3088004D3737;
			remoteInfo = testXCframework;
		};
		CAFD866925FF308A004D3737 /* PBXContainerItemProxy */ = {
			isa = PBXContainerItemProxy;
			containerPortal = CAFD863A25FF3088004D3737 /* Project object */;
			proxyType = 1;
			remoteGlobalIDString = CAFD864125FF3088004D3737;
			remoteInfo = testXCframework;
		};
/* End PBXContainerItemProxy section */

/* Begin PBXFileReference section */
		1BB108D36F739B530869763E /* Pods-testXCframework.release.xcconfig */ = {isa = PBXFileReference; includeInIndex = 1; lastKnownFileType = text.xcconfig; name = "Pods-testXCframework.release.xcconfig"; path = "Target Support Files/Pods-testXCframework/Pods-testXCframework.release.xcconfig"; sourceTree = "<group>"; };
		4275D1DE428B504D3D182608 /* Pods-testXCframework-testXCframeworkUITests.release.xcconfig */ = {isa = PBXFileReference; includeInIndex = 1; lastKnownFileType = text.xcconfig; name = "Pods-testXCframework-testXCframeworkUITests.release.xcconfig"; path = "Target Support Files/Pods-testXCframework-testXCframeworkUITests/Pods-testXCframework-testXCframeworkUITests.release.xcconfig"; sourceTree = "<group>"; };
		822467BC9A4B5763C506E1F2 /* Pods_testXCframeworkTests.framework */ = {isa = PBXFileReference; explicitFileType = wrapper.framework; includeInIndex = 0; path = Pods_testXCframeworkTests.framework; sourceTree = BUILT_PRODUCTS_DIR; };
		B2BD7970CEE3B40A1D62F780 /* Pods-testXCframeworkTests.release.xcconfig */ = {isa = PBXFileReference; includeInIndex = 1; lastKnownFileType = text.xcconfig; name = "Pods-testXCframeworkTests.release.xcconfig"; path = "Target Support Files/Pods-testXCframeworkTests/Pods-testXCframeworkTests.release.xcconfig"; sourceTree = "<group>"; };
		B692F879EDF80ADE8A675A3B /* Pods_testXCframework_testXCframeworkUITests.framework */ = {isa = PBXFileReference; explicitFileType = wrapper.framework; includeInIndex = 0; path = Pods_testXCframework_testXCframeworkUITests.framework; sourceTree = BUILT_PRODUCTS_DIR; };
		C8EA357925F88C54095C52AB /* Pods-testXCframework-testXCframeworkUITests.debug.xcconfig */ = {isa = PBXFileReference; includeInIndex = 1; lastKnownFileType = text.xcconfig; name = "Pods-testXCframework-testXCframeworkUITests.debug.xcconfig"; path = "Target Support Files/Pods-testXCframework-testXCframeworkUITests/Pods-testXCframework-testXCframeworkUITests.debug.xcconfig"; sourceTree = "<group>"; };
		CAFD864225FF3088004D3737 /* testXCframework.app */ = {isa = PBXFileReference; explicitFileType = wrapper.application; includeInIndex = 0; path = testXCframework.app; sourceTree = BUILT_PRODUCTS_DIR; };
		CAFD864525FF3088004D3737 /* AppDelegate.h */ = {isa = PBXFileReference; lastKnownFileType = sourcecode.c.h; path = AppDelegate.h; sourceTree = "<group>"; };
		CAFD864625FF3088004D3737 /* AppDelegate.m */ = {isa = PBXFileReference; lastKnownFileType = sourcecode.c.objc; path = AppDelegate.m; sourceTree = "<group>"; };
		CAFD864825FF3088004D3737 /* SceneDelegate.h */ = {isa = PBXFileReference; lastKnownFileType = sourcecode.c.h; path = SceneDelegate.h; sourceTree = "<group>"; };
		CAFD864925FF3088004D3737 /* SceneDelegate.m */ = {isa = PBXFileReference; lastKnownFileType = sourcecode.c.objc; path = SceneDelegate.m; sourceTree = "<group>"; };
		CAFD864B25FF3088004D3737 /* ViewController.h */ = {isa = PBXFileReference; lastKnownFileType = sourcecode.c.h; path = ViewController.h; sourceTree = "<group>"; };
		CAFD864C25FF3088004D3737 /* ViewController.m */ = {isa = PBXFileReference; lastKnownFileType = sourcecode.c.objc; path = ViewController.m; sourceTree = "<group>"; };
		CAFD864F25FF3088004D3737 /* Base */ = {isa = PBXFileReference; lastKnownFileType = file.storyboard; name = Base; path = Base.lproj/Main.storyboard; sourceTree = "<group>"; };
		CAFD865125FF3089004D3737 /* Assets.xcassets */ = {isa = PBXFileReference; lastKnownFileType = folder.assetcatalog; path = Assets.xcassets; sourceTree = "<group>"; };
		CAFD865425FF3089004D3737 /* Base */ = {isa = PBXFileReference; lastKnownFileType = file.storyboard; name = Base; path = Base.lproj/LaunchScreen.storyboard; sourceTree = "<group>"; };
		CAFD865625FF3089004D3737 /* Info.plist */ = {isa = PBXFileReference; lastKnownFileType = text.plist.xml; path = Info.plist; sourceTree = "<group>"; };
		CAFD865725FF3089004D3737 /* main.m */ = {isa = PBXFileReference; lastKnownFileType = sourcecode.c.objc; path = main.m; sourceTree = "<group>"; };
		CAFD865D25FF308A004D3737 /* testXCframeworkTests.xctest */ = {isa = PBXFileReference; explicitFileType = wrapper.cfbundle; includeInIndex = 0; path = testXCframeworkTests.xctest; sourceTree = BUILT_PRODUCTS_DIR; };
		CAFD866125FF308A004D3737 /* testXCframeworkTests.m */ = {isa = PBXFileReference; lastKnownFileType = sourcecode.c.objc; path = testXCframeworkTests.m; sourceTree = "<group>"; };
		CAFD866325FF308A004D3737 /* Info.plist */ = {isa = PBXFileReference; lastKnownFileType = text.plist.xml; path = Info.plist; sourceTree = "<group>"; };
		CAFD866825FF308A004D3737 /* testXCframeworkUITests.xctest */ = {isa = PBXFileReference; explicitFileType = wrapper.cfbundle; includeInIndex = 0; path = testXCframeworkUITests.xctest; sourceTree = BUILT_PRODUCTS_DIR; };
		CAFD866C25FF308A004D3737 /* testXCframeworkUITests.m */ = {isa = PBXFileReference; lastKnownFileType = sourcecode.c.objc; path = testXCframeworkUITests.m; sourceTree = "<group>"; };
		CAFD866E25FF308A004D3737 /* Info.plist */ = {isa = PBXFileReference; lastKnownFileType = text.plist.xml; path = Info.plist; sourceTree = "<group>"; };
		CAFD867B25FF30D8004D3737 /* Flurry.xcframework */ = {isa = PBXFileReference; lastKnownFileType = wrapper.xcframework; name = Flurry.xcframework; path = testXCframework/Flurry.xcframework; sourceTree = "<group>"; };
		CAFD868025FF31C6004D3737 /* SystemConfiguration.framework */ = {isa = PBXFileReference; lastKnownFileType = wrapper.framework; name = SystemConfiguration.framework; path = System/Library/Frameworks/SystemConfiguration.framework; sourceTree = SDKROOT; };
		CAFD868525FF322A004D3737 /* testXCframework.entitlements */ = {isa = PBXFileReference; lastKnownFileType = text.plist.entitlements; path = testXCframework.entitlements; sourceTree = "<group>"; };
		CBE1E7D7543BAD3909893B90 /* Pods-testXCframeworkTests.debug.xcconfig */ = {isa = PBXFileReference; includeInIndex = 1; lastKnownFileType = text.xcconfig; name = "Pods-testXCframeworkTests.debug.xcconfig"; path = "Target Support Files/Pods-testXCframeworkTests/Pods-testXCframeworkTests.debug.xcconfig"; sourceTree = "<group>"; };
		DB0F2AAFE6D54EBD3BED4A93 /* Pods-testXCframework.debug.xcconfig */ = {isa = PBXFileReference; includeInIndex = 1; lastKnownFileType = text.xcconfig; name = "Pods-testXCframework.debug.xcconfig"; path = "Target Support Files/Pods-testXCframework/Pods-testXCframework.debug.xcconfig"; sourceTree = "<group>"; };
		E7DD9662DA7AAC5E900AF47F /* Pods_testXCframework.framework */ = {isa = PBXFileReference; explicitFileType = wrapper.framework; includeInIndex = 0; path = Pods_testXCframework.framework; sourceTree = BUILT_PRODUCTS_DIR; };
/* End PBXFileReference section */

/* Begin PBXFrameworksBuildPhase section */
		CAFD863F25FF3088004D3737 /* Frameworks */ = {
			isa = PBXFrameworksBuildPhase;
			buildActionMask = 2147483647;
			files = (
				CAFD868125FF31C6004D3737 /* SystemConfiguration.framework in Frameworks */,
				CAFD867C25FF30D8004D3737 /* Flurry.xcframework in Frameworks */,
				F0F96A0A8AF2BE0277C65B8D /* Pods_testXCframework.framework in Frameworks */,
			);
			runOnlyForDeploymentPostprocessing = 0;
		};
		CAFD865A25FF308A004D3737 /* Frameworks */ = {
			isa = PBXFrameworksBuildPhase;
			buildActionMask = 2147483647;
			files = (
				36666B9407FE8625E9F7011C /* Pods_testXCframeworkTests.framework in Frameworks */,
			);
			runOnlyForDeploymentPostprocessing = 0;
		};
		CAFD866525FF308A004D3737 /* Frameworks */ = {
			isa = PBXFrameworksBuildPhase;
			buildActionMask = 2147483647;
			files = (
				8CBF6D48601FA1133365CE91 /* Pods_testXCframework_testXCframeworkUITests.framework in Frameworks */,
			);
			runOnlyForDeploymentPostprocessing = 0;
		};
/* End PBXFrameworksBuildPhase section */

/* Begin PBXGroup section */
		BDD2EEF5DB7ADC217A5136B9 /* Pods */ = {
			isa = PBXGroup;
			children = (
				DB0F2AAFE6D54EBD3BED4A93 /* Pods-testXCframework.debug.xcconfig */,
				1BB108D36F739B530869763E /* Pods-testXCframework.release.xcconfig */,
				C8EA357925F88C54095C52AB /* Pods-testXCframework-testXCframeworkUITests.debug.xcconfig */,
				4275D1DE428B504D3D182608 /* Pods-testXCframework-testXCframeworkUITests.release.xcconfig */,
				CBE1E7D7543BAD3909893B90 /* Pods-testXCframeworkTests.debug.xcconfig */,
				B2BD7970CEE3B40A1D62F780 /* Pods-testXCframeworkTests.release.xcconfig */,
			);
			path = Pods;
			sourceTree = "<group>";
		};
		CAFD863925FF3088004D3737 = {
			isa = PBXGroup;
			children = (
				CAFD864425FF3088004D3737 /* testXCframework */,
				CAFD866025FF308A004D3737 /* testXCframeworkTests */,
				CAFD866B25FF308A004D3737 /* testXCframeworkUITests */,
				CAFD864325FF3088004D3737 /* Products */,
				CAFD867A25FF30D8004D3737 /* Frameworks */,
				BDD2EEF5DB7ADC217A5136B9 /* Pods */,
			);
			sourceTree = "<group>";
		};
		CAFD864325FF3088004D3737 /* Products */ = {
			isa = PBXGroup;
			children = (
				CAFD864225FF3088004D3737 /* testXCframework.app */,
				CAFD865D25FF308A004D3737 /* testXCframeworkTests.xctest */,
				CAFD866825FF308A004D3737 /* testXCframeworkUITests.xctest */,
			);
			name = Products;
			sourceTree = "<group>";
		};
		CAFD864425FF3088004D3737 /* testXCframework */ = {
			isa = PBXGroup;
			children = (
				CAFD868525FF322A004D3737 /* testXCframework.entitlements */,
				CAFD864525FF3088004D3737 /* AppDelegate.h */,
				CAFD864625FF3088004D3737 /* AppDelegate.m */,
				CAFD864825FF3088004D3737 /* SceneDelegate.h */,
				CAFD864925FF3088004D3737 /* SceneDelegate.m */,
				CAFD864B25FF3088004D3737 /* ViewController.h */,
				CAFD864C25FF3088004D3737 /* ViewController.m */,
				CAFD864E25FF3088004D3737 /* Main.storyboard */,
				CAFD865125FF3089004D3737 /* Assets.xcassets */,
				CAFD865325FF3089004D3737 /* LaunchScreen.storyboard */,
				CAFD865625FF3089004D3737 /* Info.plist */,
				CAFD865725FF3089004D3737 /* main.m */,
			);
			path = testXCframework;
			sourceTree = "<group>";
		};
		CAFD866025FF308A004D3737 /* testXCframeworkTests */ = {
			isa = PBXGroup;
			children = (
				CAFD866125FF308A004D3737 /* testXCframeworkTests.m */,
				CAFD866325FF308A004D3737 /* Info.plist */,
			);
			path = testXCframeworkTests;
			sourceTree = "<group>";
		};
		CAFD866B25FF308A004D3737 /* testXCframeworkUITests */ = {
			isa = PBXGroup;
			children = (
				CAFD866C25FF308A004D3737 /* testXCframeworkUITests.m */,
				CAFD866E25FF308A004D3737 /* Info.plist */,
			);
			path = testXCframeworkUITests;
			sourceTree = "<group>";
		};
		CAFD867A25FF30D8004D3737 /* Frameworks */ = {
			isa = PBXGroup;
			children = (
				CAFD868025FF31C6004D3737 /* SystemConfiguration.framework */,
				CAFD867B25FF30D8004D3737 /* Flurry.xcframework */,
				E7DD9662DA7AAC5E900AF47F /* Pods_testXCframework.framework */,
				B692F879EDF80ADE8A675A3B /* Pods_testXCframework_testXCframeworkUITests.framework */,
				822467BC9A4B5763C506E1F2 /* Pods_testXCframeworkTests.framework */,
			);
			name = Frameworks;
			sourceTree = "<group>";
		};
/* End PBXGroup section */

/* Begin PBXNativeTarget section */
		CAFD864125FF3088004D3737 /* testXCframework */ = {
			isa = PBXNativeTarget;
			buildConfigurationList = CAFD867125FF308A004D3737 /* Build configuration list for PBXNativeTarget "testXCframework" */;
			buildPhases = (
				1AAF0E7F3B54F8345A8CC7E2 /* [CP] Check Pods Manifest.lock */,
				CAFD863E25FF3088004D3737 /* Sources */,
				CAFD863F25FF3088004D3737 /* Frameworks */,
				CAFD864025FF3088004D3737 /* Resources */,
				7B1C0E7336BC1998C81C67D9 /* [CP] Embed Pods Frameworks */,
			);
			buildRules = (
			);
			dependencies = (
			);
			name = testXCframework;
			productName = testXCframework;
			productReference = CAFD864225FF3088004D3737 /* testXCframework.app */;
			productType = "com.apple.product-type.application";
		};
		CAFD865C25FF308A004D3737 /* testXCframeworkTests */ = {
			isa = PBXNativeTarget;
			buildConfigurationList = CAFD867425FF308A004D3737 /* Build configuration list for PBXNativeTarget "testXCframeworkTests" */;
			buildPhases = (
				CDB1BE8B6A1F7718079805AD /* [CP] Check Pods Manifest.lock */,
				CAFD865925FF308A004D3737 /* Sources */,
				CAFD865A25FF308A004D3737 /* Frameworks */,
				CAFD865B25FF308A004D3737 /* Resources */,
			);
			buildRules = (
			);
			dependencies = (
				CAFD865F25FF308A004D3737 /* PBXTargetDependency */,
			);
			name = testXCframeworkTests;
			productName = testXCframeworkTests;
			productReference = CAFD865D25FF308A004D3737 /* testXCframeworkTests.xctest */;
			productType = "com.apple.product-type.bundle.unit-test";
		};
		CAFD866725FF308A004D3737 /* testXCframeworkUITests */ = {
			isa = PBXNativeTarget;
			buildConfigurationList = CAFD867725FF308A004D3737 /* Build configuration list for PBXNativeTarget "testXCframeworkUITests" */;
			buildPhases = (
				E53F8DD51B2ADEA4C5190760 /* [CP] Check Pods Manifest.lock */,
				CAFD866425FF308A004D3737 /* Sources */,
				CAFD866525FF308A004D3737 /* Frameworks */,
				CAFD866625FF308A004D3737 /* Resources */,
				88FF8E691CDEFAB467E6B2F1 /* [CP] Embed Pods Frameworks */,
			);
			buildRules = (
			);
			dependencies = (
				CAFD866A25FF308A004D3737 /* PBXTargetDependency */,
			);
			name = testXCframeworkUITests;
			productName = testXCframeworkUITests;
			productReference = CAFD866825FF308A004D3737 /* testXCframeworkUITests.xctest */;
			productType = "com.apple.product-type.bundle.ui-testing";
		};
/* End PBXNativeTarget section */

/* Begin PBXProject section */
		CAFD863A25FF3088004D3737 /* Project object */ = {
			isa = PBXProject;
			attributes = {
				LastUpgradeCheck = 1240;
				TargetAttributes = {
					CAFD864125FF3088004D3737 = {
						CreatedOnToolsVersion = 12.4;
					};
					CAFD865C25FF308A004D3737 = {
						CreatedOnToolsVersion = 12.4;
						TestTargetID = CAFD864125FF3088004D3737;
					};
					CAFD866725FF308A004D3737 = {
						CreatedOnToolsVersion = 12.4;
						TestTargetID = CAFD864125FF3088004D3737;
					};
				};
			};
			buildConfigurationList = CAFD863D25FF3088004D3737 /* Build configuration list for PBXProject "testXCframework" */;
			compatibilityVersion = "Xcode 9.3";
			developmentRegion = en;
			hasScannedForEncodings = 0;
			knownRegions = (
				en,
				Base,
			);
			mainGroup = CAFD863925FF3088004D3737;
			productRefGroup = CAFD864325FF3088004D3737 /* Products */;
			projectDirPath = "";
			projectRoot = "";
			targets = (
				CAFD864125FF3088004D3737 /* testXCframework */,
				CAFD865C25FF308A004D3737 /* testXCframeworkTests */,
				CAFD866725FF308A004D3737 /* testXCframeworkUITests */,
			);
		};
/* End PBXProject section */

/* Begin PBXResourcesBuildPhase section */
		CAFD864025FF3088004D3737 /* Resources */ = {
			isa = PBXResourcesBuildPhase;
			buildActionMask = 2147483647;
			files = (
				CAFD865525FF3089004D3737 /* LaunchScreen.storyboard in Resources */,
				CAFD865225FF3089004D3737 /* Assets.xcassets in Resources */,
				CAFD865025FF3088004D3737 /* Main.storyboard in Resources */,
			);
			runOnlyForDeploymentPostprocessing = 0;
		};
		CAFD865B25FF308A004D3737 /* Resources */ = {
			isa = PBXResourcesBuildPhase;
			buildActionMask = 2147483647;
			files = (
			);
			runOnlyForDeploymentPostprocessing = 0;
		};
		CAFD866625FF308A004D3737 /* Resources */ = {
			isa = PBXResourcesBuildPhase;
			buildActionMask = 2147483647;
			files = (
			);
			runOnlyForDeploymentPostprocessing = 0;
		};
/* End PBXResourcesBuildPhase section */

/* Begin PBXShellScriptBuildPhase section */
		1AAF0E7F3B54F8345A8CC7E2 /* [CP] Check Pods Manifest.lock */ = {
			isa = PBXShellScriptBuildPhase;
			buildActionMask = 2147483647;
			files = (
			);
			inputFileListPaths = (
			);
			inputPaths = (
				"${PODS_PODFILE_DIR_PATH}/Podfile.lock",
				"${PODS_ROOT}/Manifest.lock",
			);
			name = "[CP] Check Pods Manifest.lock";
			outputFileListPaths = (
			);
			outputPaths = (
				"$(DERIVED_FILE_DIR)/Pods-testXCframework-checkManifestLockResult.txt",
			);
			runOnlyForDeploymentPostprocessing = 0;
			shellPath = /bin/sh;
			shellScript = "diff \"${PODS_PODFILE_DIR_PATH}/Podfile.lock\" \"${PODS_ROOT}/Manifest.lock\" > /dev/null\nif [ $? != 0 ] ; then\n    # print error to STDERR\n    echo \"error: The sandbox is not in sync with the Podfile.lock. Run 'pod install' or update your CocoaPods installation.\" >&2\n    exit 1\nfi\n# This output is used by Xcode 'outputs' to avoid re-running this script phase.\necho \"SUCCESS\" > \"${SCRIPT_OUTPUT_FILE_0}\"\n";
			showEnvVarsInLog = 0;
		};
		7B1C0E7336BC1998C81C67D9 /* [CP] Embed Pods Frameworks */ = {
			isa = PBXShellScriptBuildPhase;
			buildActionMask = 2147483647;
			files = (
			);
			inputFileListPaths = (
				"${PODS_ROOT}/Target Support Files/Pods-testXCframework/Pods-testXCframework-frameworks-${CONFIGURATION}-input-files.xcfilelist",
			);
			name = "[CP] Embed Pods Frameworks";
			outputFileListPaths = (
				"${PODS_ROOT}/Target Support Files/Pods-testXCframework/Pods-testXCframework-frameworks-${CONFIGURATION}-output-files.xcfilelist",
			);
			runOnlyForDeploymentPostprocessing = 0;
			shellPath = /bin/sh;
			shellScript = "\"${PODS_ROOT}/Target Support Files/Pods-testXCframework/Pods-testXCframework-frameworks.sh\"\n";
			showEnvVarsInLog = 0;
		};
		88FF8E691CDEFAB467E6B2F1 /* [CP] Embed Pods Frameworks */ = {
			isa = PBXShellScriptBuildPhase;
			buildActionMask = 2147483647;
			files = (
			);
			inputFileListPaths = (
				"${PODS_ROOT}/Target Support Files/Pods-testXCframework-testXCframeworkUITests/Pods-testXCframework-testXCframeworkUITests-frameworks-${CONFIGURATION}-input-files.xcfilelist",
			);
			name = "[CP] Embed Pods Frameworks";
			outputFileListPaths = (
				"${PODS_ROOT}/Target Support Files/Pods-testXCframework-testXCframeworkUITests/Pods-testXCframework-testXCframeworkUITests-frameworks-${CONFIGURATION}-output-files.xcfilelist",
			);
			runOnlyForDeploymentPostprocessing = 0;
			shellPath = /bin/sh;
			shellScript = "\"${PODS_ROOT}/Target Support Files/Pods-testXCframework-testXCframeworkUITests/Pods-testXCframework-testXCframeworkUITests-frameworks.sh\"\n";
			showEnvVarsInLog = 0;
		};
		CDB1BE8B6A1F7718079805AD /* [CP] Check Pods Manifest.lock */ = {
			isa = PBXShellScriptBuildPhase;
			buildActionMask = 2147483647;
			files = (
			);
			inputFileListPaths = (
			);
			inputPaths = (
				"${PODS_PODFILE_DIR_PATH}/Podfile.lock",
				"${PODS_ROOT}/Manifest.lock",
			);
			name = "[CP] Check Pods Manifest.lock";
			outputFileListPaths = (
			);
			outputPaths = (
				"$(DERIVED_FILE_DIR)/Pods-testXCframeworkTests-checkManifestLockResult.txt",
			);
			runOnlyForDeploymentPostprocessing = 0;
			shellPath = /bin/sh;
			shellScript = "diff \"${PODS_PODFILE_DIR_PATH}/Podfile.lock\" \"${PODS_ROOT}/Manifest.lock\" > /dev/null\nif [ $? != 0 ] ; then\n    # print error to STDERR\n    echo \"error: The sandbox is not in sync with the Podfile.lock. Run 'pod install' or update your CocoaPods installation.\" >&2\n    exit 1\nfi\n# This output is used by Xcode 'outputs' to avoid re-running this script phase.\necho \"SUCCESS\" > \"${SCRIPT_OUTPUT_FILE_0}\"\n";
			showEnvVarsInLog = 0;
		};
		E53F8DD51B2ADEA4C5190760 /* [CP] Check Pods Manifest.lock */ = {
			isa = PBXShellScriptBuildPhase;
			buildActionMask = 2147483647;
			files = (
			);
			inputFileListPaths = (
			);
			inputPaths = (
				"${PODS_PODFILE_DIR_PATH}/Podfile.lock",
				"${PODS_ROOT}/Manifest.lock",
			);
			name = "[CP] Check Pods Manifest.lock";
			outputFileListPaths = (
			);
			outputPaths = (
				"$(DERIVED_FILE_DIR)/Pods-testXCframework-testXCframeworkUITests-checkManifestLockResult.txt",
			);
			runOnlyForDeploymentPostprocessing = 0;
			shellPath = /bin/sh;
			shellScript = "diff \"${PODS_PODFILE_DIR_PATH}/Podfile.lock\" \"${PODS_ROOT}/Manifest.lock\" > /dev/null\nif [ $? != 0 ] ; then\n    # print error to STDERR\n    echo \"error: The sandbox is not in sync with the Podfile.lock. Run 'pod install' or update your CocoaPods installation.\" >&2\n    exit 1\nfi\n# This output is used by Xcode 'outputs' to avoid re-running this script phase.\necho \"SUCCESS\" > \"${SCRIPT_OUTPUT_FILE_0}\"\n";
			showEnvVarsInLog = 0;
		};
/* End PBXShellScriptBuildPhase section */

/* Begin PBXSourcesBuildPhase section */
		CAFD863E25FF3088004D3737 /* Sources */ = {
			isa = PBXSourcesBuildPhase;
			buildActionMask = 2147483647;
			files = (
				CAFD864D25FF3088004D3737 /* ViewController.m in Sources */,
				CAFD864725FF3088004D3737 /* AppDelegate.m in Sources */,
				CAFD865825FF3089004D3737 /* main.m in Sources */,
				CAFD864A25FF3088004D3737 /* SceneDelegate.m in Sources */,
			);
			runOnlyForDeploymentPostprocessing = 0;
		};
		CAFD865925FF308A004D3737 /* Sources */ = {
			isa = PBXSourcesBuildPhase;
			buildActionMask = 2147483647;
			files = (
				CAFD866225FF308A004D3737 /* testXCframeworkTests.m in Sources */,
			);
			runOnlyForDeploymentPostprocessing = 0;
		};
		CAFD866425FF308A004D3737 /* Sources */ = {
			isa = PBXSourcesBuildPhase;
			buildActionMask = 2147483647;
			files = (
				CAFD866D25FF308A004D3737 /* testXCframeworkUITests.m in Sources */,
			);
			runOnlyForDeploymentPostprocessing = 0;
		};
/* End PBXSourcesBuildPhase section */

/* Begin PBXTargetDependency section */
		CAFD865F25FF308A004D3737 /* PBXTargetDependency */ = {
			isa = PBXTargetDependency;
			target = CAFD864125FF3088004D3737 /* testXCframework */;
			targetProxy = CAFD865E25FF308A004D3737 /* PBXContainerItemProxy */;
		};
		CAFD866A25FF308A004D3737 /* PBXTargetDependency */ = {
			isa = PBXTargetDependency;
			target = CAFD864125FF3088004D3737 /* testXCframework */;
			targetProxy = CAFD866925FF308A004D3737 /* PBXContainerItemProxy */;
		};
/* End PBXTargetDependency section */

/* Begin PBXVariantGroup section */
		CAFD864E25FF3088004D3737 /* Main.storyboard */ = {
			isa = PBXVariantGroup;
			children = (
				CAFD864F25FF3088004D3737 /* Base */,
			);
			name = Main.storyboard;
			sourceTree = "<group>";
		};
		CAFD865325FF3089004D3737 /* LaunchScreen.storyboard */ = {
			isa = PBXVariantGroup;
			children = (
				CAFD865425FF3089004D3737 /* Base */,
			);
			name = LaunchScreen.storyboard;
			sourceTree = "<group>";
		};
/* End PBXVariantGroup section */

/* Begin XCBuildConfiguration section */
		CAFD866F25FF308A004D3737 /* Debug */ = {
			isa = XCBuildConfiguration;
			buildSettings = {
				ALWAYS_SEARCH_USER_PATHS = NO;
				CLANG_ANALYZER_NONNULL = YES;
				CLANG_ANALYZER_NUMBER_OBJECT_CONVERSION = YES_AGGRESSIVE;
				CLANG_CXX_LANGUAGE_STANDARD = "gnu++14";
				CLANG_CXX_LIBRARY = "libc++";
				CLANG_ENABLE_MODULES = YES;
				CLANG_ENABLE_OBJC_ARC = YES;
				CLANG_ENABLE_OBJC_WEAK = YES;
				CLANG_WARN_BLOCK_CAPTURE_AUTORELEASING = YES;
				CLANG_WARN_BOOL_CONVERSION = YES;
				CLANG_WARN_COMMA = YES;
				CLANG_WARN_CONSTANT_CONVERSION = YES;
				CLANG_WARN_DEPRECATED_OBJC_IMPLEMENTATIONS = YES;
				CLANG_WARN_DIRECT_OBJC_ISA_USAGE = YES_ERROR;
				CLANG_WARN_DOCUMENTATION_COMMENTS = YES;
				CLANG_WARN_EMPTY_BODY = YES;
				CLANG_WARN_ENUM_CONVERSION = YES;
				CLANG_WARN_INFINITE_RECURSION = YES;
				CLANG_WARN_INT_CONVERSION = YES;
				CLANG_WARN_NON_LITERAL_NULL_CONVERSION = YES;
				CLANG_WARN_OBJC_IMPLICIT_RETAIN_SELF = YES;
				CLANG_WARN_OBJC_LITERAL_CONVERSION = YES;
				CLANG_WARN_OBJC_ROOT_CLASS = YES_ERROR;
				CLANG_WARN_QUOTED_INCLUDE_IN_FRAMEWORK_HEADER = YES;
				CLANG_WARN_RANGE_LOOP_ANALYSIS = YES;
				CLANG_WARN_STRICT_PROTOTYPES = YES;
				CLANG_WARN_SUSPICIOUS_MOVE = YES;
				CLANG_WARN_UNGUARDED_AVAILABILITY = YES_AGGRESSIVE;
				CLANG_WARN_UNREACHABLE_CODE = YES;
				CLANG_WARN__DUPLICATE_METHOD_MATCH = YES;
				COPY_PHASE_STRIP = NO;
				DEBUG_INFORMATION_FORMAT = dwarf;
				ENABLE_STRICT_OBJC_MSGSEND = YES;
				ENABLE_TESTABILITY = YES;
				GCC_C_LANGUAGE_STANDARD = gnu11;
				GCC_DYNAMIC_NO_PIC = NO;
				GCC_NO_COMMON_BLOCKS = YES;
				GCC_OPTIMIZATION_LEVEL = 0;
				GCC_PREPROCESSOR_DEFINITIONS = (
					"DEBUG=1",
					"$(inherited)",
				);
				GCC_WARN_64_TO_32_BIT_CONVERSION = YES;
				GCC_WARN_ABOUT_RETURN_TYPE = YES_ERROR;
				GCC_WARN_UNDECLARED_SELECTOR = YES;
				GCC_WARN_UNINITIALIZED_AUTOS = YES_AGGRESSIVE;
				GCC_WARN_UNUSED_FUNCTION = YES;
				GCC_WARN_UNUSED_VARIABLE = YES;
				IPHONEOS_DEPLOYMENT_TARGET = 14.4;
				MTL_ENABLE_DEBUG_INFO = INCLUDE_SOURCE;
				MTL_FAST_MATH = YES;
				ONLY_ACTIVE_ARCH = YES;
				SDKROOT = iphoneos;
			};
			name = Debug;
		};
		CAFD867025FF308A004D3737 /* Release */ = {
			isa = XCBuildConfiguration;
			buildSettings = {
				ALWAYS_SEARCH_USER_PATHS = NO;
				CLANG_ANALYZER_NONNULL = YES;
				CLANG_ANALYZER_NUMBER_OBJECT_CONVERSION = YES_AGGRESSIVE;
				CLANG_CXX_LANGUAGE_STANDARD = "gnu++14";
				CLANG_CXX_LIBRARY = "libc++";
				CLANG_ENABLE_MODULES = YES;
				CLANG_ENABLE_OBJC_ARC = YES;
				CLANG_ENABLE_OBJC_WEAK = YES;
				CLANG_WARN_BLOCK_CAPTURE_AUTORELEASING = YES;
				CLANG_WARN_BOOL_CONVERSION = YES;
				CLANG_WARN_COMMA = YES;
				CLANG_WARN_CONSTANT_CONVERSION = YES;
				CLANG_WARN_DEPRECATED_OBJC_IMPLEMENTATIONS = YES;
				CLANG_WARN_DIRECT_OBJC_ISA_USAGE = YES_ERROR;
				CLANG_WARN_DOCUMENTATION_COMMENTS = YES;
				CLANG_WARN_EMPTY_BODY = YES;
				CLANG_WARN_ENUM_CONVERSION = YES;
				CLANG_WARN_INFINITE_RECURSION = YES;
				CLANG_WARN_INT_CONVERSION = YES;
				CLANG_WARN_NON_LITERAL_NULL_CONVERSION = YES;
				CLANG_WARN_OBJC_IMPLICIT_RETAIN_SELF = YES;
				CLANG_WARN_OBJC_LITERAL_CONVERSION = YES;
				CLANG_WARN_OBJC_ROOT_CLASS = YES_ERROR;
				CLANG_WARN_QUOTED_INCLUDE_IN_FRAMEWORK_HEADER = YES;
				CLANG_WARN_RANGE_LOOP_ANALYSIS = YES;
				CLANG_WARN_STRICT_PROTOTYPES = YES;
				CLANG_WARN_SUSPICIOUS_MOVE = YES;
				CLANG_WARN_UNGUARDED_AVAILABILITY = YES_AGGRESSIVE;
				CLANG_WARN_UNREACHABLE_CODE = YES;
				CLANG_WARN__DUPLICATE_METHOD_MATCH = YES;
				COPY_PHASE_STRIP = NO;
				DEBUG_INFORMATION_FORMAT = "dwarf-with-dsym";
				ENABLE_NS_ASSERTIONS = NO;
				ENABLE_STRICT_OBJC_MSGSEND = YES;
				GCC_C_LANGUAGE_STANDARD = gnu11;
				GCC_NO_COMMON_BLOCKS = YES;
				GCC_WARN_64_TO_32_BIT_CONVERSION = YES;
				GCC_WARN_ABOUT_RETURN_TYPE = YES_ERROR;
				GCC_WARN_UNDECLARED_SELECTOR = YES;
				GCC_WARN_UNINITIALIZED_AUTOS = YES_AGGRESSIVE;
				GCC_WARN_UNUSED_FUNCTION = YES;
				GCC_WARN_UNUSED_VARIABLE = YES;
				IPHONEOS_DEPLOYMENT_TARGET = 14.4;
				MTL_ENABLE_DEBUG_INFO = NO;
				MTL_FAST_MATH = YES;
				SDKROOT = iphoneos;
				VALIDATE_PRODUCT = YES;
			};
			name = Release;
		};
		CAFD867225FF308A004D3737 /* Debug */ = {
			isa = XCBuildConfiguration;
			baseConfigurationReference = DB0F2AAFE6D54EBD3BED4A93 /* Pods-testXCframework.debug.xcconfig */;
			buildSettings = {
				ASSETCATALOG_COMPILER_APPICON_NAME = AppIcon;
				ASSETCATALOG_COMPILER_GLOBAL_ACCENT_COLOR_NAME = AccentColor;
				CODE_SIGN_ENTITLEMENTS = testXCframework/testXCframework.entitlements;
				CODE_SIGN_STYLE = Automatic;
				DEVELOPMENT_TEAM = S6JSG6FHB3;
				INFOPLIST_FILE = testXCframework/Info.plist;
				"IPHONEOS_DEPLOYMENT_TARGET[sdk=macosx*]" = 13.2;
				LD_RUNPATH_SEARCH_PATHS = (
					"$(inherited)",
					"@executable_path/Frameworks",
				);
				PRODUCT_BUNDLE_IDENTIFIER = flurry.testXCframework;
				PRODUCT_NAME = "$(TARGET_NAME)";
				SUPPORTS_MACCATALYST = YES;
				TARGETED_DEVICE_FAMILY = "1,2";
			};
			name = Debug;
		};
		CAFD867325FF308A004D3737 /* Release */ = {
			isa = XCBuildConfiguration;
			baseConfigurationReference = 1BB108D36F739B530869763E /* Pods-testXCframework.release.xcconfig */;
			buildSettings = {
				ASSETCATALOG_COMPILER_APPICON_NAME = AppIcon;
				ASSETCATALOG_COMPILER_GLOBAL_ACCENT_COLOR_NAME = AccentColor;
				CODE_SIGN_ENTITLEMENTS = testXCframework/testXCframework.entitlements;
				CODE_SIGN_STYLE = Automatic;
				DEVELOPMENT_TEAM = S6JSG6FHB3;
				INFOPLIST_FILE = testXCframework/Info.plist;
				"IPHONEOS_DEPLOYMENT_TARGET[sdk=macosx*]" = 13.2;
				LD_RUNPATH_SEARCH_PATHS = (
					"$(inherited)",
					"@executable_path/Frameworks",
				);
				PRODUCT_BUNDLE_IDENTIFIER = flurry.testXCframework;
				PRODUCT_NAME = "$(TARGET_NAME)";
				SUPPORTS_MACCATALYST = YES;
				TARGETED_DEVICE_FAMILY = "1,2";
			};
			name = Release;
		};
		CAFD867525FF308A004D3737 /* Debug */ = {
			isa = XCBuildConfiguration;
			baseConfigurationReference = CBE1E7D7543BAD3909893B90 /* Pods-testXCframeworkTests.debug.xcconfig */;
			buildSettings = {
				BUNDLE_LOADER = "$(TEST_HOST)";
				CODE_SIGN_STYLE = Automatic;
				DEVELOPMENT_TEAM = S6JSG6FHB3;
				INFOPLIST_FILE = testXCframeworkTests/Info.plist;
				IPHONEOS_DEPLOYMENT_TARGET = 14.4;
				LD_RUNPATH_SEARCH_PATHS = (
					"$(inherited)",
					"@executable_path/Frameworks",
					"@loader_path/Frameworks",
				);
				PRODUCT_BUNDLE_IDENTIFIER = flurry.testXCframeworkTests;
				PRODUCT_NAME = "$(TARGET_NAME)";
				TARGETED_DEVICE_FAMILY = "1,2";
				TEST_HOST = "$(BUILT_PRODUCTS_DIR)/testXCframework.app/testXCframework";
			};
			name = Debug;
		};
		CAFD867625FF308A004D3737 /* Release */ = {
			isa = XCBuildConfiguration;
			baseConfigurationReference = B2BD7970CEE3B40A1D62F780 /* Pods-testXCframeworkTests.release.xcconfig */;
			buildSettings = {
				BUNDLE_LOADER = "$(TEST_HOST)";
				CODE_SIGN_STYLE = Automatic;
				DEVELOPMENT_TEAM = S6JSG6FHB3;
				INFOPLIST_FILE = testXCframeworkTests/Info.plist;
				IPHONEOS_DEPLOYMENT_TARGET = 14.4;
				LD_RUNPATH_SEARCH_PATHS = (
					"$(inherited)",
					"@executable_path/Frameworks",
					"@loader_path/Frameworks",
				);
				PRODUCT_BUNDLE_IDENTIFIER = flurry.testXCframeworkTests;
				PRODUCT_NAME = "$(TARGET_NAME)";
				TARGETED_DEVICE_FAMILY = "1,2";
				TEST_HOST = "$(BUILT_PRODUCTS_DIR)/testXCframework.app/testXCframework";
			};
			name = Release;
		};
		CAFD867825FF308A004D3737 /* Debug */ = {
			isa = XCBuildConfiguration;
			baseConfigurationReference = C8EA357925F88C54095C52AB /* Pods-testXCframework-testXCframeworkUITests.debug.xcconfig */;
			buildSettings = {
				CODE_SIGN_STYLE = Automatic;
				DEVELOPMENT_TEAM = S6JSG6FHB3;
				INFOPLIST_FILE = testXCframeworkUITests/Info.plist;
				LD_RUNPATH_SEARCH_PATHS = (
					"$(inherited)",
					"@executable_path/Frameworks",
					"@loader_path/Frameworks",
				);
				PRODUCT_BUNDLE_IDENTIFIER = flurry.testXCframeworkUITests;
				PRODUCT_NAME = "$(TARGET_NAME)";
				TARGETED_DEVICE_FAMILY = "1,2";
				TEST_TARGET_NAME = testXCframework;
			};
			name = Debug;
		};
		CAFD867925FF308A004D3737 /* Release */ = {
			isa = XCBuildConfiguration;
			baseConfigurationReference = 4275D1DE428B504D3D182608 /* Pods-testXCframework-testXCframeworkUITests.release.xcconfig */;
			buildSettings = {
				CODE_SIGN_STYLE = Automatic;
				DEVELOPMENT_TEAM = S6JSG6FHB3;
				INFOPLIST_FILE = testXCframeworkUITests/Info.plist;
				LD_RUNPATH_SEARCH_PATHS = (
					"$(inherited)",
					"@executable_path/Frameworks",
					"@loader_path/Frameworks",
				);
				PRODUCT_BUNDLE_IDENTIFIER = flurry.testXCframeworkUITests;
				PRODUCT_NAME = "$(TARGET_NAME)";
				TARGETED_DEVICE_FAMILY = "1,2";
				TEST_TARGET_NAME = testXCframework;
			};
			name = Release;
		};
/* End XCBuildConfiguration section */

/* Begin XCConfigurationList section */
		CAFD863D25FF3088004D3737 /* Build configuration list for PBXProject "testXCframework" */ = {
			isa = XCConfigurationList;
			buildConfigurations = (
				CAFD866F25FF308A004D3737 /* Debug */,
				CAFD867025FF308A004D3737 /* Release */,
			);
			defaultConfigurationIsVisible = 0;
			defaultConfigurationName = Release;
		};
		CAFD867125FF308A004D3737 /* Build configuration list for PBXNativeTarget "testXCframework" */ = {
			isa = XCConfigurationList;
			buildConfigurations = (
				CAFD867225FF308A004D3737 /* Debug */,
				CAFD867325FF308A004D3737 /* Release */,
			);
			defaultConfigurationIsVisible = 0;
			defaultConfigurationName = Release;
		};
		CAFD867425FF308A004D3737 /* Build configuration list for PBXNativeTarget "testXCframeworkTests" */ = {
			isa = XCConfigurationList;
			buildConfigurations = (
				CAFD867525FF308A004D3737 /* Debug */,
				CAFD867625FF308A004D3737 /* Release */,
			);
			defaultConfigurationIsVisible = 0;
			defaultConfigurationName = Release;
		};
		CAFD867725FF308A004D3737 /* Build configuration list for PBXNativeTarget "testXCframeworkUITests" */ = {
			isa = XCConfigurationList;
			buildConfigurations = (
				CAFD867825FF308A004D3737 /* Debug */,
				CAFD867925FF308A004D3737 /* Release */,
			);
			defaultConfigurationIsVisible = 0;
			defaultConfigurationName = Release;
		};
/* End XCConfigurationList section */
	};
	rootObject = CAFD863A25FF3088004D3737 /* Project object */;
}
